<?xml version="1.0" encoding="utf-8"?>
<Project ToolsVersion="4.0" xmlns="http://schemas.microsoft.com/developer/msbuild/2003">
  <ItemGroup>
    <Filter Include="Header Files">
      <UniqueIdentifier>{34360e8d-0b78-40f0-b0f1-e9fe99ea94ce}</UniqueIdentifier>
    </Filter>
    <Filter Include="Source Files">
      <UniqueIdentifier>{9d681266-ecfa-4684-b316-3382fc2f3ed2}</UniqueIdentifier>
    </Filter>
    <Filter Include="Header Files\Lights">
      <UniqueIdentifier>{8b5038d4-dec8-44b4-8dbf-b38319cd14e5}</UniqueIdentifier>
    </Filter>
    <Filter Include="Source Files\Lights">
      <UniqueIdentifier>{f132edb0-258c-4690-9071-c184db71b10f}</UniqueIdentifier>
    </Filter>
    <Filter Include="Header Files\MeshImporter">
      <UniqueIdentifier>{4398f849-5a9c-4cd8-809e-5f63ee400956}</UniqueIdentifier>
    </Filter>
    <Filter Include="Source Files\MeshImporter">
      <UniqueIdentifier>{0c1f6bfe-0a51-46b7-970f-e7e313b02691}</UniqueIdentifier>
    </Filter>
    <Filter Include="Header Files\Actors">
      <UniqueIdentifier>{50b7af76-e1df-46f1-92a3-17568e88aa92}</UniqueIdentifier>
    </Filter>
    <Filter Include="Source Files\Actors">
      <UniqueIdentifier>{eae38306-883b-4e71-be38-578db9b9b5b5}</UniqueIdentifier>
    </Filter>
    <Filter Include="Header Files\NoiseLibrary">
      <UniqueIdentifier>{3a6bedb3-a3b1-4e4f-a51f-74fa865232af}</UniqueIdentifier>
    </Filter>
    <Filter Include="Source Files\NoiseLibrary">
      <UniqueIdentifier>{8399b1e7-e9f9-4201-a536-07df0445b327}</UniqueIdentifier>
    </Filter>
    <Filter Include="Header Files\Terrain">
      <UniqueIdentifier>{1b167ef0-a106-44c9-88e3-be7728e71a59}</UniqueIdentifier>
    </Filter>
    <Filter Include="Source Files\Terrain">
      <UniqueIdentifier>{2d8fdd6f-acf9-4141-8858-1b69b722e673}</UniqueIdentifier>
    </Filter>
  </ItemGroup>
  <ItemGroup>
    <ClCompile Include="LJMULevelDemo.cpp">
      <Filter>Source Files</Filter>
    </ClCompile>
    <ClCompile Include="LJMUTextOverlay.cpp">
      <Filter>Source Files</Filter>
    </ClCompile>
    <ClCompile Include="GeometryGenerator.cpp">
      <Filter>Source Files</Filter>
    </ClCompile>
    <ClCompile Include="MaterialGenerator.cpp">
      <Filter>Source Files</Filter>
    </ClCompile>
    <ClCompile Include="RRTVertexDX11.cpp" />
    <ClCompile Include="Light_Point.cpp">
      <Filter>Source Files\Lights</Filter>
    </ClCompile>
    <ClCompile Include="Light_Spot.cpp">
      <Filter>Source Files\Lights</Filter>
    </ClCompile>
    <ClCompile Include="Light_Directional.cpp">
      <Filter>Source Files\Lights</Filter>
    </ClCompile>
    <ClCompile Include="Light_Base.cpp">
      <Filter>Source Files\Lights</Filter>
    </ClCompile>
    <ClCompile Include="MeshImporter.cpp">
      <Filter>Source Files\MeshImporter</Filter>
    </ClCompile>
    <ClCompile Include="Planet.cpp">
      <Filter>Source Files\Actors</Filter>
    </ClCompile>
    <ClCompile Include="InstancedStaticMesh.cpp">
      <Filter>Source Files\Actors</Filter>
    </ClCompile>
    <ClCompile Include="SolarSystem.cpp" />
    <ClCompile Include="FastNoise.cpp">
      <Filter>Source Files\NoiseLibrary</Filter>
    </ClCompile>
    <ClCompile Include="TerrainGenerator.cpp">
      <Filter>Source Files\Terrain</Filter>
    </ClCompile>
    <ClCompile Include="Terrain.cpp">
      <Filter>Source Files\Terrain</Filter>
    </ClCompile>
    <ClCompile Include="TerrainChunk.cpp">
      <Filter>Source Files\Terrain</Filter>
    </ClCompile>
  </ItemGroup>
  <ItemGroup>
    <ClInclude Include="LJMULevelDemo.h">
      <Filter>Header Files</Filter>
    </ClInclude>
    <ClInclude Include="LJMUTextOverlay.h">
      <Filter>Header Files</Filter>
    </ClInclude>
    <ClInclude Include="GeometryGenerator.h">
      <Filter>Header Files</Filter>
    </ClInclude>
    <ClInclude Include="MaterialGenerator.h">
      <Filter>Header Files</Filter>
    </ClInclude>
    <ClInclude Include="RRTVertexDX11.h" />
    <ClInclude Include="Light_Base.h">
      <Filter>Header Files\Lights</Filter>
    </ClInclude>
    <ClInclude Include="Light_Directional.h">
      <Filter>Header Files\Lights</Filter>
    </ClInclude>
    <ClInclude Include="Light_Point.h">
      <Filter>Header Files\Lights</Filter>
    </ClInclude>
    <ClInclude Include="Light_Spot.h">
      <Filter>Header Files\Lights</Filter>
    </ClInclude>
    <ClInclude Include="MeshImporter.h">
      <Filter>Header Files\MeshImporter</Filter>
    </ClInclude>
    <ClInclude Include="LJMUMeshOBJ.h">
      <Filter>Header Files\MeshImporter</Filter>
    </ClInclude>
    <ClInclude Include="Planet.h">
      <Filter>Header Files\Actors</Filter>
    </ClInclude>
    <ClInclude Include="InstancedStaticMesh.h">
      <Filter>Header Files\Actors</Filter>
    </ClInclude>
    <ClInclude Include="SolarSystem.h" />
    <ClInclude Include="FastNoise.h">
      <Filter>Header Files\NoiseLibrary</Filter>
    </ClInclude>
    <ClInclude Include="TerrainChunk.h">
      <Filter>Header Files\Terrain</Filter>
    </ClInclude>
    <ClInclude Include="Terrain.h">
      <Filter>Header Files\Terrain</Filter>
    </ClInclude>
    <ClInclude Include="TerrainGenerator.h">
      <Filter>Header Files\Terrain</Filter>
    </ClInclude>
  </ItemGroup>
  <ItemGroup>
    <None Include="heightmap.r16" />
  </ItemGroup>
</Project>